
Microsoft Visual Studio Solution File, Format Version 12.00
# Visual Studio Version 17
VisualStudioVersion = 17.6.33801.468
MinimumVisualStudioVersion = 10.0.40219.1
Project("{2150E333-8FDC-42A3-9474-1A3956D46DE8}") = "src", "src", "{EA75514C-6788-4716-8255-63167EA0C26C}"
EndProject
Project("{2150E333-8FDC-42A3-9474-1A3956D46DE8}") = "01-Domain", "01-Domain", "{EF8E6A16-57DE-4C31-9E5D-C798768531E6}"
EndProject
Project("{2150E333-8FDC-42A3-9474-1A3956D46DE8}") = "Core", "Core", "{66303062-01F8-4EF7-AC13-A03622A10BF3}"
EndProject
Project("{9A19103F-16F7-4668-BE54-9A1E7A4F7556}") = "App.Domain.Core", "Entity\App.Domain.Core.csproj", "{7A2A7B78-C4E0-42A6-B3EC-D4088D859A30}"
EndProject
Project("{2150E333-8FDC-42A3-9474-1A3956D46DE8}") = "Service", "Service", "{803B5574-BA91-4AA9-B89A-DE4ECD4530A0}"
EndProject
Project("{2150E333-8FDC-42A3-9474-1A3956D46DE8}") = "02-Infrascture", "02-Infrascture", "{59502034-2664-4F20-A70D-B9649A05DD20}"
EndProject
Project("{2150E333-8FDC-42A3-9474-1A3956D46DE8}") = "Db", "Db", "{FB3BF54E-D500-4DE2-9683-FFEBBB1EB8D8}"
EndProject
Project("{2150E333-8FDC-42A3-9474-1A3956D46DE8}") = "Data Access", "Data Access", "{928764A7-CFA6-41E7-B39E-3D3BB4077E78}"
EndProject
Project("{2150E333-8FDC-42A3-9474-1A3956D46DE8}") = "Provider", "Provider", "{88FE73ED-0F21-402F-B4E6-E9D96708ADDB}"
EndProject
Project("{9A19103F-16F7-4668-BE54-9A1E7A4F7556}") = "App.Infru.Data.Db.SqlServer.Ef", "App.Infru.Data.Db.SqlServer.Ef\App.Infru.Data.Db.SqlServer.Ef.csproj", "{BD9144EF-611B-4A00-8992-C3AE49EC3150}"
EndProject
Project("{9A19103F-16F7-4668-BE54-9A1E7A4F7556}") = "App.Infra.Data.Repos.Ef", "App.Infra.Data.Repos.Ef\App.Infra.Data.Repos.Ef.csproj", "{F5A2754E-E9B3-443E-B572-B36CD66001BF}"
EndProject
Project("{2150E333-8FDC-42A3-9474-1A3956D46DE8}") = "03-EndPoints", "03-EndPoints", "{877D028D-A702-4E71-80F8-0C96C08E24B0}"
EndProject
Project("{9A19103F-16F7-4668-BE54-9A1E7A4F7556}") = "App.EndPoints.APIs", "App.EndPoints.APIs\App.EndPoints.APIs.csproj", "{9E80A5D2-D78C-41BA-9AC1-8CDB414FC5EE}"
EndProject
Project("{FAE04EC0-301F-11D3-BF4B-00C04F79EFBC}") = "App.Domain.Service.AppService", "App.Domain.Service.AppService\App.Domain.Service.AppService.csproj", "{E6894DBA-8FFC-494E-8705-B9058F3997D9}"
EndProject
Project("{FAE04EC0-301F-11D3-BF4B-00C04F79EFBC}") = "App.Domain.Service", "App.Domain.Service\App.Domain.Service.csproj", "{B34CE71E-DA7F-47D5-B816-3D69CF11770F}"
EndProject
Project("{2150E333-8FDC-42A3-9474-1A3956D46DE8}") = "Student", "Student", "{4FF09A34-46A5-4F4C-8531-E394BD563A40}"
	ProjectSection(SolutionItems) = preProject
		App.Domain.Service\StudentService.cs = App.Domain.Service\StudentService.cs
	EndProjectSection
EndProject
Global
	GlobalSection(SolutionConfigurationPlatforms) = preSolution
		Debug|Any CPU = Debug|Any CPU
		Release|Any CPU = Release|Any CPU
	EndGlobalSection
	GlobalSection(ProjectConfigurationPlatforms) = postSolution
		{7A2A7B78-C4E0-42A6-B3EC-D4088D859A30}.Debug|Any CPU.ActiveCfg = Debug|Any CPU
		{7A2A7B78-C4E0-42A6-B3EC-D4088D859A30}.Debug|Any CPU.Build.0 = Debug|Any CPU
		{7A2A7B78-C4E0-42A6-B3EC-D4088D859A30}.Release|Any CPU.ActiveCfg = Release|Any CPU
		{7A2A7B78-C4E0-42A6-B3EC-D4088D859A30}.Release|Any CPU.Build.0 = Release|Any CPU
		{BD9144EF-611B-4A00-8992-C3AE49EC3150}.Debug|Any CPU.ActiveCfg = Debug|Any CPU
		{BD9144EF-611B-4A00-8992-C3AE49EC3150}.Debug|Any CPU.Build.0 = Debug|Any CPU
		{BD9144EF-611B-4A00-8992-C3AE49EC3150}.Release|Any CPU.ActiveCfg = Release|Any CPU
		{BD9144EF-611B-4A00-8992-C3AE49EC3150}.Release|Any CPU.Build.0 = Release|Any CPU
		{F5A2754E-E9B3-443E-B572-B36CD66001BF}.Debug|Any CPU.ActiveCfg = Debug|Any CPU
		{F5A2754E-E9B3-443E-B572-B36CD66001BF}.Debug|Any CPU.Build.0 = Debug|Any CPU
		{F5A2754E-E9B3-443E-B572-B36CD66001BF}.Release|Any CPU.ActiveCfg = Release|Any CPU
		{F5A2754E-E9B3-443E-B572-B36CD66001BF}.Release|Any CPU.Build.0 = Release|Any CPU
		{9E80A5D2-D78C-41BA-9AC1-8CDB414FC5EE}.Debug|Any CPU.ActiveCfg = Debug|Any CPU
		{9E80A5D2-D78C-41BA-9AC1-8CDB414FC5EE}.Debug|Any CPU.Build.0 = Debug|Any CPU
		{9E80A5D2-D78C-41BA-9AC1-8CDB414FC5EE}.Release|Any CPU.ActiveCfg = Release|Any CPU
		{9E80A5D2-D78C-41BA-9AC1-8CDB414FC5EE}.Release|Any CPU.Build.0 = Release|Any CPU
		{E6894DBA-8FFC-494E-8705-B9058F3997D9}.Debug|Any CPU.ActiveCfg = Debug|Any CPU
		{E6894DBA-8FFC-494E-8705-B9058F3997D9}.Debug|Any CPU.Build.0 = Debug|Any CPU
		{E6894DBA-8FFC-494E-8705-B9058F3997D9}.Release|Any CPU.ActiveCfg = Release|Any CPU
		{E6894DBA-8FFC-494E-8705-B9058F3997D9}.Release|Any CPU.Build.0 = Release|Any CPU
		{B34CE71E-DA7F-47D5-B816-3D69CF11770F}.Debug|Any CPU.ActiveCfg = Debug|Any CPU
		{B34CE71E-DA7F-47D5-B816-3D69CF11770F}.Debug|Any CPU.Build.0 = Debug|Any CPU
		{B34CE71E-DA7F-47D5-B816-3D69CF11770F}.Release|Any CPU.ActiveCfg = Release|Any CPU
		{B34CE71E-DA7F-47D5-B816-3D69CF11770F}.Release|Any CPU.Build.0 = Release|Any CPU
	EndGlobalSection
	GlobalSection(SolutionProperties) = preSolution
		HideSolutionNode = FALSE
	EndGlobalSection
	GlobalSection(NestedProjects) = preSolution
		{EF8E6A16-57DE-4C31-9E5D-C798768531E6} = {EA75514C-6788-4716-8255-63167EA0C26C}
		{66303062-01F8-4EF7-AC13-A03622A10BF3} = {EF8E6A16-57DE-4C31-9E5D-C798768531E6}
		{7A2A7B78-C4E0-42A6-B3EC-D4088D859A30} = {66303062-01F8-4EF7-AC13-A03622A10BF3}
		{803B5574-BA91-4AA9-B89A-DE4ECD4530A0} = {EF8E6A16-57DE-4C31-9E5D-C798768531E6}
		{59502034-2664-4F20-A70D-B9649A05DD20} = {EA75514C-6788-4716-8255-63167EA0C26C}
		{FB3BF54E-D500-4DE2-9683-FFEBBB1EB8D8} = {59502034-2664-4F20-A70D-B9649A05DD20}
		{928764A7-CFA6-41E7-B39E-3D3BB4077E78} = {59502034-2664-4F20-A70D-B9649A05DD20}
		{88FE73ED-0F21-402F-B4E6-E9D96708ADDB} = {59502034-2664-4F20-A70D-B9649A05DD20}
		{BD9144EF-611B-4A00-8992-C3AE49EC3150} = {FB3BF54E-D500-4DE2-9683-FFEBBB1EB8D8}
		{F5A2754E-E9B3-443E-B572-B36CD66001BF} = {928764A7-CFA6-41E7-B39E-3D3BB4077E78}
		{877D028D-A702-4E71-80F8-0C96C08E24B0} = {EA75514C-6788-4716-8255-63167EA0C26C}
		{9E80A5D2-D78C-41BA-9AC1-8CDB414FC5EE} = {877D028D-A702-4E71-80F8-0C96C08E24B0}
		{E6894DBA-8FFC-494E-8705-B9058F3997D9} = {803B5574-BA91-4AA9-B89A-DE4ECD4530A0}
		{B34CE71E-DA7F-47D5-B816-3D69CF11770F} = {803B5574-BA91-4AA9-B89A-DE4ECD4530A0}
		{4FF09A34-46A5-4F4C-8531-E394BD563A40} = {803B5574-BA91-4AA9-B89A-DE4ECD4530A0}
	EndGlobalSection
	GlobalSection(ExtensibilityGlobals) = postSolution
		SolutionGuid = {F2D59EA4-7FA7-4769-9B61-761D048DC01C}
	EndGlobalSection
EndGlobal
